// !$*UTF8*$!
{
	archiveVersion = 1;
	classes = {
	};
	objectVersion = 55;
	objects = {

/* Begin PBXBuildFile section */
		059E469A2755573B006DA1EA /* AppDelegate.swift in Sources */ = {isa = PBXBuildFile; fileRef = 059E46992755573B006DA1EA /* AppDelegate.swift */; };
		059E46A02755573C006DA1EA /* GameScene.swift in Sources */ = {isa = PBXBuildFile; fileRef = 059E469F2755573C006DA1EA /* GameScene.swift */; };
		059E46A22755573C006DA1EA /* GameViewController.swift in Sources */ = {isa = PBXBuildFile; fileRef = 059E46A12755573C006DA1EA /* GameViewController.swift */; };
		059E46A52755573C006DA1EA /* Main.storyboard in Resources */ = {isa = PBXBuildFile; fileRef = 059E46A32755573C006DA1EA /* Main.storyboard */; };
		059E46A727555744006DA1EA /* Assets.xcassets in Resources */ = {isa = PBXBuildFile; fileRef = 059E46A627555744006DA1EA /* Assets.xcassets */; };
		059E46AA27555744006DA1EA /* LaunchScreen.storyboard in Resources */ = {isa = PBXBuildFile; fileRef = 059E46A827555744006DA1EA /* LaunchScreen.storyboard */; };
		059E46B427555745006DA1EA /* snake_less_8Tests.swift in Sources */ = {isa = PBXBuildFile; fileRef = 059E46B327555745006DA1EA /* snake_less_8Tests.swift */; };
		059E46BE27555745006DA1EA /* snake_less_8UITests.swift in Sources */ = {isa = PBXBuildFile; fileRef = 059E46BD27555745006DA1EA /* snake_less_8UITests.swift */; };
		059E46C027555745006DA1EA /* snake_less_8UITestsLaunchTests.swift in Sources */ = {isa = PBXBuildFile; fileRef = 059E46BF27555745006DA1EA /* snake_less_8UITestsLaunchTests.swift */; };
		059E46CD27565782006DA1EA /* Apple.swift in Sources */ = {isa = PBXBuildFile; fileRef = 059E46CC27565782006DA1EA /* Apple.swift */; };
/* End PBXBuildFile section */

/* Begin PBXContainerItemProxy section */
		059E46B027555745006DA1EA /* PBXContainerItemProxy */ = {
			isa = PBXContainerItemProxy;
			containerPortal = 059E468E2755573B006DA1EA /* Project object */;
			proxyType = 1;
			remoteGlobalIDString = 059E46952755573B006DA1EA;
			remoteInfo = snake_less_8;
		};
		059E46BA27555745006DA1EA /* PBXContainerItemProxy */ = {
			isa = PBXContainerItemProxy;
			containerPortal = 059E468E2755573B006DA1EA /* Project object */;
			proxyType = 1;
			remoteGlobalIDString = 059E46952755573B006DA1EA;
			remoteInfo = snake_less_8;
		};
/* End PBXContainerItemProxy section */

/* Begin PBXFileReference section */
		059E46962755573B006DA1EA /* snake_less_8.app */ = {isa = PBXFileReference; explicitFileType = wrapper.application; includeInIndex = 0; path = snake_less_8.app; sourceTree = BUILT_PRODUCTS_DIR; };
		059E46992755573B006DA1EA /* AppDelegate.swift */ = {isa = PBXFileReference; lastKnownFileType = sourcecode.swift; path = AppDelegate.swift; sourceTree = "<group>"; };
		059E469F2755573C006DA1EA /* GameScene.swift */ = {isa = PBXFileReference; lastKnownFileType = sourcecode.swift; path = GameScene.swift; sourceTree = "<group>"; };
		059E46A12755573C006DA1EA /* GameViewController.swift */ = {isa = PBXFileReference; lastKnownFileType = sourcecode.swift; path = GameViewController.swift; sourceTree = "<group>"; };
		059E46A42755573C006DA1EA /* Base */ = {isa = PBXFileReference; lastKnownFileType = file.storyboard; name = Base; path = Base.lproj/Main.storyboard; sourceTree = "<group>"; };
		059E46A627555744006DA1EA /* Assets.xcassets */ = {isa = PBXFileReference; lastKnownFileType = folder.assetcatalog; path = Assets.xcassets; sourceTree = "<group>"; };
		059E46A927555744006DA1EA /* Base */ = {isa = PBXFileReference; lastKnownFileType = file.storyboard; name = Base; path = Base.lproj/LaunchScreen.storyboard; sourceTree = "<group>"; };
		059E46AF27555745006DA1EA /* snake_less_8Tests.xctest */ = {isa = PBXFileReference; explicitFileType = wrapper.cfbundle; includeInIndex = 0; path = snake_less_8Tests.xctest; sourceTree = BUILT_PRODUCTS_DIR; };
		059E46B327555745006DA1EA /* snake_less_8Tests.swift */ = {isa = PBXFileReference; lastKnownFileType = sourcecode.swift; path = snake_less_8Tests.swift; sourceTree = "<group>"; };
		059E46B927555745006DA1EA /* snake_less_8UITests.xctest */ = {isa = PBXFileReference; explicitFileType = wrapper.cfbundle; includeInIndex = 0; path = snake_less_8UITests.xctest; sourceTree = BUILT_PRODUCTS_DIR; };
		059E46BD27555745006DA1EA /* snake_less_8UITests.swift */ = {isa = PBXFileReference; lastKnownFileType = sourcecode.swift; path = snake_less_8UITests.swift; sourceTree = "<group>"; };
		059E46BF27555745006DA1EA /* snake_less_8UITestsLaunchTests.swift */ = {isa = PBXFileReference; lastKnownFileType = sourcecode.swift; path = snake_less_8UITestsLaunchTests.swift; sourceTree = "<group>"; };
		059E46CC27565782006DA1EA /* Apple.swift */ = {isa = PBXFileReference; lastKnownFileType = sourcecode.swift; path = Apple.swift; sourceTree = "<group>"; };
/* End PBXFileReference section */

/* Begin PBXFrameworksBuildPhase section */
		059E46932755573B006DA1EA /* Frameworks */ = {
			isa = PBXFrameworksBuildPhase;
			buildActionMask = 2147483647;
			files = (
			);
			runOnlyForDeploymentPostprocessing = 0;
		};
		059E46AC27555745006DA1EA /* Frameworks */ = {
			isa = PBXFrameworksBuildPhase;
			buildActionMask = 2147483647;
			files = (
			);
			runOnlyForDeploymentPostprocessing = 0;
		};
		059E46B627555745006DA1EA /* Frameworks */ = {
			isa = PBXFrameworksBuildPhase;
			buildActionMask = 2147483647;
			files = (
			);
			runOnlyForDeploymentPostprocessing = 0;
		};
/* End PBXFrameworksBuildPhase section */

/* Begin PBXGroup section */
		059E468D2755573B006DA1EA = {
			isa = PBXGroup;
			children = (
				059E46982755573B006DA1EA /* snake_less_8 */,
				059E46B227555745006DA1EA /* snake_less_8Tests */,
				059E46BC27555745006DA1EA /* snake_less_8UITests */,
				059E46972755573B006DA1EA /* Products */,
			);
			sourceTree = "<group>";
		};
		059E46972755573B006DA1EA /* Products */ = {
			isa = PBXGroup;
			children = (
				059E46962755573B006DA1EA /* snake_less_8.app */,
				059E46AF27555745006DA1EA /* snake_less_8Tests.xctest */,
				059E46B927555745006DA1EA /* snake_less_8UITests.xctest */,
			);
			name = Products;
			sourceTree = "<group>";
		};
		059E46982755573B006DA1EA /* snake_less_8 */ = {
			isa = PBXGroup;
			children = (
				059E46992755573B006DA1EA /* AppDelegate.swift */,
				059E469F2755573C006DA1EA /* GameScene.swift */,
				059E46A12755573C006DA1EA /* GameViewController.swift */,
				059E46A32755573C006DA1EA /* Main.storyboard */,
				059E46A627555744006DA1EA /* Assets.xcassets */,
				059E46A827555744006DA1EA /* LaunchScreen.storyboard */,
				059E46CC27565782006DA1EA /* Apple.swift */,
			);
			path = snake_less_8;
			sourceTree = "<group>";
		};
		059E46B227555745006DA1EA /* snake_less_8Tests */ = {
			isa = PBXGroup;
			children = (
				059E46B327555745006DA1EA /* snake_less_8Tests.swift */,
			);
			path = snake_less_8Tests;
			sourceTree = "<group>";
		};
		059E46BC27555745006DA1EA /* snake_less_8UITests */ = {
			isa = PBXGroup;
			children = (
				059E46BD27555745006DA1EA /* snake_less_8UITests.swift */,
				059E46BF27555745006DA1EA /* snake_less_8UITestsLaunchTests.swift */,
			);
			path = snake_less_8UITests;
			sourceTree = "<group>";
		};
/* End PBXGroup section */

/* Begin PBXNativeTarget section */
		059E46952755573B006DA1EA /* snake_less_8 */ = {
			isa = PBXNativeTarget;
			buildConfigurationList = 059E46C327555745006DA1EA /* Build configuration list for PBXNativeTarget "snake_less_8" */;
			buildPhases = (
				059E46922755573B006DA1EA /* Sources */,
				059E46932755573B006DA1EA /* Frameworks */,
				059E46942755573B006DA1EA /* Resources */,
			);
			buildRules = (
			);
			dependencies = (
			);
			name = snake_less_8;
			productName = snake_less_8;
			productReference = 059E46962755573B006DA1EA /* snake_less_8.app */;
			productType = "com.apple.product-type.application";
		};
		059E46AE27555745006DA1EA /* snake_less_8Tests */ = {
			isa = PBXNativeTarget;
			buildConfigurationList = 059E46C627555745006DA1EA /* Build configuration list for PBXNativeTarget "snake_less_8Tests" */;
			buildPhases = (
				059E46AB27555745006DA1EA /* Sources */,
				059E46AC27555745006DA1EA /* Frameworks */,
				059E46AD27555745006DA1EA /* Resources */,
			);
			buildRules = (
			);
			dependencies = (
				059E46B127555745006DA1EA /* PBXTargetDependency */,
			);
			name = snake_less_8Tests;
			productName = snake_less_8Tests;
			productReference = 059E46AF27555745006DA1EA /* snake_less_8Tests.xctest */;
			productType = "com.apple.product-type.bundle.unit-test";
		};
		059E46B827555745006DA1EA /* snake_less_8UITests */ = {
			isa = PBXNativeTarget;
			buildConfigurationList = 059E46C927555745006DA1EA /* Build configuration list for PBXNativeTarget "snake_less_8UITests" */;
			buildPhases = (
				059E46B527555745006DA1EA /* Sources */,
				059E46B627555745006DA1EA /* Frameworks */,
				059E46B727555745006DA1EA /* Resources */,
			);
			buildRules = (
			);
			dependencies = (
				059E46BB27555745006DA1EA /* PBXTargetDependency */,
			);
			name = snake_less_8UITests;
			productName = snake_less_8UITests;
			productReference = 059E46B927555745006DA1EA /* snake_less_8UITests.xctest */;
			productType = "com.apple.product-type.bundle.ui-testing";
		};
/* End PBXNativeTarget section */

/* Begin PBXProject section */
		059E468E2755573B006DA1EA /* Project object */ = {
			isa = PBXProject;
			attributes = {
				BuildIndependentTargetsInParallel = 1;
				LastSwiftUpdateCheck = 1300;
				LastUpgradeCheck = 1300;
				TargetAttributes = {
					059E46952755573B006DA1EA = {
						CreatedOnToolsVersion = 13.0;
					};
					059E46AE27555745006DA1EA = {
						CreatedOnToolsVersion = 13.0;
						TestTargetID = 059E46952755573B006DA1EA;
					};
					059E46B827555745006DA1EA = {
						CreatedOnToolsVersion = 13.0;
						TestTargetID = 059E46952755573B006DA1EA;
					};
				};
			};
			buildConfigurationList = 059E46912755573B006DA1EA /* Build configuration list for PBXProject "snake_less_8" */;
			compatibilityVersion = "Xcode 13.0";
			developmentRegion = en;
			hasScannedForEncodings = 0;
			knownRegions = (
				en,
				Base,
			);
			mainGroup = 059E468D2755573B006DA1EA;
			productRefGroup = 059E46972755573B006DA1EA /* Products */;
			projectDirPath = "";
			projectRoot = "";
			targets = (
				059E46952755573B006DA1EA /* snake_less_8 */,
				059E46AE27555745006DA1EA /* snake_less_8Tests */,
				059E46B827555745006DA1EA /* snake_less_8UITests */,
			);
		};
/* End PBXProject section */

/* Begin PBXResourcesBuildPhase section */
		059E46942755573B006DA1EA /* Resources */ = {
			isa = PBXResourcesBuildPhase;
			buildActionMask = 2147483647;
			files = (
				059E46A52755573C006DA1EA /* Main.storyboard in Resources */,
				059E46A727555744006DA1EA /* Assets.xcassets in Resources */,
				059E46AA27555744006DA1EA /* LaunchScreen.storyboard in Resources */,
			);
			runOnlyForDeploymentPostprocessing = 0;
		};
		059E46AD27555745006DA1EA /* Resources */ = {
			isa = PBXResourcesBuildPhase;
			buildActionMask = 2147483647;
			files = (
			);
			runOnlyForDeploymentPostprocessing = 0;
		};
		059E46B727555745006DA1EA /* Resources */ = {
			isa = PBXResourcesBuildPhase;
			buildActionMask = 2147483647;
			files = (
			);
			runOnlyForDeploymentPostprocessing = 0;
		};
/* End PBXResourcesBuildPhase section */

/* Begin PBXSourcesBuildPhase section */
		059E46922755573B006DA1EA /* Sources */ = {
			isa = PBXSourcesBuildPhase;
			buildActionMask = 2147483647;
			files = (
				059E46CD27565782006DA1EA /* Apple.swift in Sources */,
				059E46A02755573C006DA1EA /* GameScene.swift in Sources */,
				059E46A22755573C006DA1EA /* GameViewController.swift in Sources */,
				059E469A2755573B006DA1EA /* AppDelegate.swift in Sources */,
			);
			runOnlyForDeploymentPostprocessing = 0;
		};
		059E46AB27555745006DA1EA /* Sources */ = {
			isa = PBXSourcesBuildPhase;
			buildActionMask = 2147483647;
			files = (
				059E46B427555745006DA1EA /* snake_less_8Tests.swift in Sources */,
			);
			runOnlyForDeploymentPostprocessing = 0;
		};
		059E46B527555745006DA1EA /* Sources */ = {
			isa = PBXSourcesBuildPhase;
			buildActionMask = 2147483647;
			files = (
				059E46BE27555745006DA1EA /* snake_less_8UITests.swift in Sources */,
				059E46C027555745006DA1EA /* snake_less_8UITestsLaunchTests.swift in Sources */,
			);
			runOnlyForDeploymentPostprocessing = 0;
		};
/* End PBXSourcesBuildPhase section */

/* Begin PBXTargetDependency section */
		059E46B127555745006DA1EA /* PBXTargetDependency */ = {
			isa = PBXTargetDependency;
			target = 059E46952755573B006DA1EA /* snake_less_8 */;
			targetProxy = 059E46B027555745006DA1EA /* PBXContainerItemProxy */;
		};
		059E46BB27555745006DA1EA /* PBXTargetDependency */ = {
			isa = PBXTargetDependency;
			target = 059E46952755573B006DA1EA /* snake_less_8 */;
			targetProxy = 059E46BA27555745006DA1EA /* PBXContainerItemProxy */;
		};
/* End PBXTargetDependency section */

/* Begin PBXVariantGroup section */
		059E46A32755573C006DA1EA /* Main.storyboard */ = {
			isa = PBXVariantGroup;
			children = (
				059E46A42755573C006DA1EA /* Base */,
			);
			name = Main.storyboard;
			sourceTree = "<group>";
		};
		059E46A827555744006DA1EA /* LaunchScreen.storyboard */ = {
			isa = PBXVariantGroup;
			children = (
				059E46A927555744006DA1EA /* Base */,
			);
			name = LaunchScreen.storyboard;
			sourceTree = "<group>";
		};
/* End PBXVariantGroup section */

/* Begin XCBuildConfiguration section */
		059E46C127555745006DA1EA /* Debug */ = {
			isa = XCBuildConfiguration;
			buildSettings = {
				ALWAYS_SEARCH_USER_PATHS = NO;
				CLANG_ANALYZER_NONNULL = YES;
				CLANG_ANALYZER_NUMBER_OBJECT_CONVERSION = YES_AGGRESSIVE;
				CLANG_CXX_LANGUAGE_STANDARD = "gnu++17";
				CLANG_CXX_LIBRARY = "libc++";
				CLANG_ENABLE_MODULES = YES;
				CLANG_ENABLE_OBJC_ARC = YES;
				CLANG_ENABLE_OBJC_WEAK = YES;
				CLANG_WARN_BLOCK_CAPTURE_AUTORELEASING = YES;
				CLANG_WARN_BOOL_CONVERSION = YES;
				CLANG_WARN_COMMA = YES;
				CLANG_WARN_CONSTANT_CONVERSION = YES;
				CLANG_WARN_DEPRECATED_OBJC_IMPLEMENTATIONS = YES;
				CLANG_WARN_DIRECT_OBJC_ISA_USAGE = YES_ERROR;
				CLANG_WARN_DOCUMENTATION_COMMENTS = YES;
				CLANG_WARN_EMPTY_BODY = YES;
				CLANG_WARN_ENUM_CONVERSION = YES;
				CLANG_WARN_INFINITE_RECURSION = YES;
				CLANG_WARN_INT_CONVERSION = YES;
				CLANG_WARN_NON_LITERAL_NULL_CONVERSION = YES;
				CLANG_WARN_OBJC_IMPLICIT_RETAIN_SELF = YES;
				CLANG_WARN_OBJC_LITERAL_CONVERSION = YES;
				CLANG_WARN_OBJC_ROOT_CLASS = YES_ERROR;
				CLANG_WARN_QUOTED_INCLUDE_IN_FRAMEWORK_HEADER = YES;
				CLANG_WARN_RANGE_LOOP_ANALYSIS = YES;
				CLANG_WARN_STRICT_PROTOTYPES = YES;
				CLANG_WARN_SUSPICIOUS_MOVE = YES;
				CLANG_WARN_UNGUARDED_AVAILABILITY = YES_AGGRESSIVE;
				CLANG_WARN_UNREACHABLE_CODE = YES;
				CLANG_WARN__DUPLICATE_METHOD_MATCH = YES;
				COPY_PHASE_STRIP = NO;
				DEBUG_INFORMATION_FORMAT = dwarf;
				ENABLE_STRICT_OBJC_MSGSEND = YES;
				ENABLE_TESTABILITY = YES;
				GCC_C_LANGUAGE_STANDARD = gnu11;
				GCC_DYNAMIC_NO_PIC = NO;
				GCC_NO_COMMON_BLOCKS = YES;
				GCC_OPTIMIZATION_LEVEL = 0;
				GCC_PREPROCESSOR_DEFINITIONS = (
					"DEBUG=1",
					"$(inherited)",
				);
				GCC_WARN_64_TO_32_BIT_CONVERSION = YES;
				GCC_WARN_ABOUT_RETURN_TYPE = YES_ERROR;
				GCC_WARN_UNDECLARED_SELECTOR = YES;
				GCC_WARN_UNINITIALIZED_AUTOS = YES_AGGRESSIVE;
				GCC_WARN_UNUSED_FUNCTION = YES;
				GCC_WARN_UNUSED_VARIABLE = YES;
				IPHONEOS_DEPLOYMENT_TARGET = 15.0;
				MTL_ENABLE_DEBUG_INFO = INCLUDE_SOURCE;
				MTL_FAST_MATH = YES;
				ONLY_ACTIVE_ARCH = YES;
				SDKROOT = iphoneos;
				SWIFT_ACTIVE_COMPILATION_CONDITIONS = DEBUG;
				SWIFT_OPTIMIZATION_LEVEL = "-Onone";
			};
			name = Debug;
		};
		059E46C227555745006DA1EA /* Release */ = {
			isa = XCBuildConfiguration;
			buildSettings = {
				ALWAYS_SEARCH_USER_PATHS = NO;
				CLANG_ANALYZER_NONNULL = YES;
				CLANG_ANALYZER_NUMBER_OBJECT_CONVERSION = YES_AGGRESSIVE;
				CLANG_CXX_LANGUAGE_STANDARD = "gnu++17";
				CLANG_CXX_LIBRARY = "libc++";
				CLANG_ENABLE_MODULES = YES;
				CLANG_ENABLE_OBJC_ARC = YES;
				CLANG_ENABLE_OBJC_WEAK = YES;
				CLANG_WARN_BLOCK_CAPTURE_AUTORELEASING = YES;
				CLANG_WARN_BOOL_CONVERSION = YES;
				CLANG_WARN_COMMA = YES;
				CLANG_WARN_CONSTANT_CONVERSION = YES;
				CLANG_WARN_DEPRECATED_OBJC_IMPLEMENTATIONS = YES;
				CLANG_WARN_DIRECT_OBJC_ISA_USAGE = YES_ERROR;
				CLANG_WARN_DOCUMENTATION_COMMENTS = YES;
				CLANG_WARN_EMPTY_BODY = YES;
				CLANG_WARN_ENUM_CONVERSION = YES;
				CLANG_WARN_INFINITE_RECURSION = YES;
				CLANG_WARN_INT_CONVERSION = YES;
				CLANG_WARN_NON_LITERAL_NULL_CONVERSION = YES;
				CLANG_WARN_OBJC_IMPLICIT_RETAIN_SELF = YES;
				CLANG_WARN_OBJC_LITERAL_CONVERSION = YES;
				CLANG_WARN_OBJC_ROOT_CLASS = YES_ERROR;
				CLANG_WARN_QUOTED_INCLUDE_IN_FRAMEWORK_HEADER = YES;
				CLANG_WARN_RANGE_LOOP_ANALYSIS = YES;
				CLANG_WARN_STRICT_PROTOTYPES = YES;
				CLANG_WARN_SUSPICIOUS_MOVE = YES;
				CLANG_WARN_UNGUARDED_AVAILABILITY = YES_AGGRESSIVE;
				CLANG_WARN_UNREACHABLE_CODE = YES;
				CLANG_WARN__DUPLICATE_METHOD_MATCH = YES;
				COPY_PHASE_STRIP = NO;
				DEBUG_INFORMATION_FORMAT = "dwarf-with-dsym";
				ENABLE_NS_ASSERTIONS = NO;
				ENABLE_STRICT_OBJC_MSGSEND = YES;
				GCC_C_LANGUAGE_STANDARD = gnu11;
				GCC_NO_COMMON_BLOCKS = YES;
				GCC_WARN_64_TO_32_BIT_CONVERSION = YES;
				GCC_WARN_ABOUT_RETURN_TYPE = YES_ERROR;
				GCC_WARN_UNDECLARED_SELECTOR = YES;
				GCC_WARN_UNINITIALIZED_AUTOS = YES_AGGRESSIVE;
				GCC_WARN_UNUSED_FUNCTION = YES;
				GCC_WARN_UNUSED_VARIABLE = YES;
				IPHONEOS_DEPLOYMENT_TARGET = 15.0;
				MTL_ENABLE_DEBUG_INFO = NO;
				MTL_FAST_MATH = YES;
				SDKROOT = iphoneos;
				SWIFT_COMPILATION_MODE = wholemodule;
				SWIFT_OPTIMIZATION_LEVEL = "-O";
				VALIDATE_PRODUCT = YES;
			};
			name = Release;
		};
		059E46C427555745006DA1EA /* Debug */ = {
			isa = XCBuildConfiguration;
			buildSettings = {
				ASSETCATALOG_COMPILER_APPICON_NAME = AppIcon;
				ASSETCATALOG_COMPILER_GLOBAL_ACCENT_COLOR_NAME = AccentColor;
				CODE_SIGN_STYLE = Automatic;
				CURRENT_PROJECT_VERSION = 1;
				DEVELOPMENT_TEAM = 8XL3CTDGG8;
				GENERATE_INFOPLIST_FILE = YES;
				INFOPLIST_KEY_UIApplicationSupportsIndirectInputEvents = YES;
				INFOPLIST_KEY_UILaunchStoryboardName = LaunchScreen;
				INFOPLIST_KEY_UIMainStoryboardFile = Main;
				INFOPLIST_KEY_UIStatusBarHidden = YES;
				INFOPLIST_KEY_UISupportedInterfaceOrientations_iPad = "UIInterfaceOrientationPortrait UIInterfaceOrientationPortraitUpsideDown UIInterfaceOrientationLandscapeLeft UIInterfaceOrientationLandscapeRight";
				INFOPLIST_KEY_UISupportedInterfaceOrientations_iPhone = "UIInterfaceOrientationPortrait UIInterfaceOrientationLandscapeLeft UIInterfaceOrientationLandscapeRight";
				LD_RUNPATH_SEARCH_PATHS = (
					"$(inherited)",
					"@executable_path/Frameworks",
				);
				MARKETING_VERSION = 1.0;
				PRODUCT_BUNDLE_IDENTIFIER = "com.asset-ryskul.snake-less-8";
				PRODUCT_NAME = "$(TARGET_NAME)";
				SWIFT_EMIT_LOC_STRINGS = YES;
				SWIFT_VERSION = 5.0;
				TARGETED_DEVICE_FAMILY = "1,2";
			};
			name = Debug;
		};
		059E46C527555745006DA1EA /* Release */ = {
			isa = XCBuildConfiguration;
			buildSettings = {
				ASSETCATALOG_COMPILER_APPICON_NAME = AppIcon;
				ASSETCATALOG_COMPILER_GLOBAL_ACCENT_COLOR_NAME = AccentColor;
				CODE_SIGN_STYLE = Automatic;
				CURRENT_PROJECT_VERSION = 1;
				DEVELOPMENT_TEAM = 8XL3CTDGG8;
				GENERATE_INFOPLIST_FILE = YES;
				INFOPLIST_KEY_UIApplicationSupportsIndirectInputEvents = YES;
				INFOPLIST_KEY_UILaunchStoryboardName = LaunchScreen;
				INFOPLIST_KEY_UIMainStoryboardFile = Main;
				INFOPLIST_KEY_UIStatusBarHidden = YES;
				INFOPLIST_KEY_UISupportedInterfaceOrientations_iPad = "UIInterfaceOrientationPortrait UIInterfaceOrientationPortraitUpsideDown UIInterfaceOrientationLandscapeLeft UIInterfaceOrientationLandscapeRight";
				INFOPLIST_KEY_UISupportedInterfaceOrientations_iPhone = "UIInterfaceOrientationPortrait UIInterfaceOrientationLandscapeLeft UIInterfaceOrientationLandscapeRight";
				LD_RUNPATH_SEARCH_PATHS = (
					"$(inherited)",
					"@executable_path/Frameworks",
				);
				MARKETING_VERSION = 1.0;
				PRODUCT_BUNDLE_IDENTIFIER = "com.asset-ryskul.snake-less-8";
				PRODUCT_NAME = "$(TARGET_NAME)";
				SWIFT_EMIT_LOC_STRINGS = YES;
				SWIFT_VERSION = 5.0;
				TARGETED_DEVICE_FAMILY = "1,2";
			};
			name = Release;
		};
		059E46C727555745006DA1EA /* Debug */ = {
			isa = XCBuildConfiguration;
			buildSettings = {
				ALWAYS_EMBED_SWIFT_STANDARD_LIBRARIES = YES;
				BUNDLE_LOADER = "$(TEST_HOST)";
				CODE_SIGN_STYLE = Automatic;
				CURRENT_PROJECT_VERSION = 1;
				DEVELOPMENT_TEAM = 8XL3CTDGG8;
				GENERATE_INFOPLIST_FILE = YES;
				IPHONEOS_DEPLOYMENT_TARGET = 15.0;
				LD_RUNPATH_SEARCH_PATHS = (
					"$(inherited)",
					"@executable_path/Frameworks",
					"@loader_path/Frameworks",
				);
				MARKETING_VERSION = 1.0;
				PRODUCT_BUNDLE_IDENTIFIER = "com.asset-ryskul.snake-less-8Tests";
				PRODUCT_NAME = "$(TARGET_NAME)";
				SWIFT_EMIT_LOC_STRINGS = NO;
				SWIFT_VERSION = 5.0;
				TARGETED_DEVICE_FAMILY = "1,2";
				TEST_HOST = "$(BUILT_PRODUCTS_DIR)/snake_less_8.app/snake_less_8";
			};
			name = Debug;
		};
		059E46C827555745006DA1EA /* Release */ = {
			isa = XCBuildConfiguration;
			buildSettings = {
				ALWAYS_EMBED_SWIFT_STANDARD_LIBRARIES = YES;
				BUNDLE_LOADER = "$(TEST_HOST)";
				CODE_SIGN_STYLE = Automatic;
				CURRENT_PROJECT_VERSION = 1;
				DEVELOPMENT_TEAM = 8XL3CTDGG8;
				GENERATE_INFOPLIST_FILE = YES;
				IPHONEOS_DEPLOYMENT_TARGET = 15.0;
				LD_RUNPATH_SEARCH_PATHS = (
					"$(inherited)",
					"@executable_path/Frameworks",
					"@loader_path/Frameworks",
				);
				MARKETING_VERSION = 1.0;
				PRODUCT_BUNDLE_IDENTIFIER = "com.asset-ryskul.snake-less-8Tests";
				PRODUCT_NAME = "$(TARGET_NAME)";
				SWIFT_EMIT_LOC_STRINGS = NO;
				SWIFT_VERSION = 5.0;
				TARGETED_DEVICE_FAMILY = "1,2";
				TEST_HOST = "$(BUILT_PRODUCTS_DIR)/snake_less_8.app/snake_less_8";
			};
			name = Release;
		};
		059E46CA27555745006DA1EA /* Debug */ = {
			isa = XCBuildConfiguration;
			buildSettings = {
				ALWAYS_EMBED_SWIFT_STANDARD_LIBRARIES = YES;
				CODE_SIGN_STYLE = Automatic;
				CURRENT_PROJECT_VERSION = 1;
				DEVELOPMENT_TEAM = 8XL3CTDGG8;
				GENERATE_INFOPLIST_FILE = YES;
				LD_RUNPATH_SEARCH_PATHS = (
					"$(inherited)",
					"@executable_path/Frameworks",
					"@loader_path/Frameworks",
				);
				MARKETING_VERSION = 1.0;
				PRODUCT_BUNDLE_IDENTIFIER = "com.asset-ryskul.snake-less-8UITests";
				PRODUCT_NAME = "$(TARGET_NAME)";
				SWIFT_EMIT_LOC_STRINGS = NO;
				SWIFT_VERSION = 5.0;
				TARGETED_DEVICE_FAMILY = "1,2";
				TEST_TARGET_NAME = snake_less_8;
			};
			name = Debug;
		};
		059E46CB27555745006DA1EA /* Release */ = {
			isa = XCBuildConfiguration;
			buildSettings = {
				ALWAYS_EMBED_SWIFT_STANDARD_LIBRARIES = YES;
				CODE_SIGN_STYLE = Automatic;
				CURRENT_PROJECT_VERSION = 1;
				DEVELOPMENT_TEAM = 8XL3CTDGG8;
				GENERATE_INFOPLIST_FILE = YES;
				LD_RUNPATH_SEARCH_PATHS = (
					"$(inherited)",
					"@executable_path/Frameworks",
					"@loader_path/Frameworks",
				);
				MARKETING_VERSION = 1.0;
				PRODUCT_BUNDLE_IDENTIFIER = "com.asset-ryskul.snake-less-8UITests";
				PRODUCT_NAME = "$(TARGET_NAME)";
				SWIFT_EMIT_LOC_STRINGS = NO;
				SWIFT_VERSION = 5.0;
				TARGETED_DEVICE_FAMILY = "1,2";
				TEST_TARGET_NAME = snake_less_8;
			};
			name = Release;
		};
/* End XCBuildConfiguration section */

/* Begin XCConfigurationList section */
		059E46912755573B006DA1EA /* Build configuration list for PBXProject "snake_less_8" */ = {
			isa = XCConfigurationList;
			buildConfigurations = (
				059E46C127555745006DA1EA /* Debug */,
				059E46C227555745006DA1EA /* Release */,
			);
			defaultConfigurationIsVisible = 0;
			defaultConfigurationName = Release;
		};
		059E46C327555745006DA1EA /* Build configuration list for PBXNativeTarget "snake_less_8" */ = {
			isa = XCConfigurationList;
			buildConfigurations = (
				059E46C427555745006DA1EA /* Debug */,
				059E46C527555745006DA1EA /* Release */,
			);
			defaultConfigurationIsVisible = 0;
			defaultConfigurationName = Release;
		};
		059E46C627555745006DA1EA /* Build configuration list for PBXNativeTarget "snake_less_8Tests" */ = {
			isa = XCConfigurationList;
			buildConfigurations = (
				059E46C727555745006DA1EA /* Debug */,
				059E46C827555745006DA1EA /* Release */,
			);
			defaultConfigurationIsVisible = 0;
			defaultConfigurationName = Release;
		};
		059E46C927555745006DA1EA /* Build configuration list for PBXNativeTarget "snake_less_8UITests" */ = {
			isa = XCConfigurationList;
			buildConfigurations = (
				059E46CA27555745006DA1EA /* Debug */,
				059E46CB27555745006DA1EA /* Release */,
			);
			defaultConfigurationIsVisible = 0;
			defaultConfigurationName = Release;
		};
/* End XCConfigurationList section */
	};
	rootObject = 059E468E2755573B006DA1EA /* Project object */;
}
